
Microsoft Visual Studio Solution File, Format Version 12.00
# Visual Studio 15
VisualStudioVersion = 15.0.26124.0
MinimumVisualStudioVersion = 15.0.26124.0
Project("{FAE04EC0-301F-11D3-BF4B-00C04F79EFBC}") = "Domain", "Domain\Domain.csproj", "{FB392119-F325-4283-ADE6-D34307B93354}"
EndProject
Project("{FAE04EC0-301F-11D3-BF4B-00C04F79EFBC}") = "Persistece", "Persistece\Persistece.csproj", "{2BF1EF2B-6FA1-47FC-9BA8-340EDDAB9A0A}"
EndProject
Project("{FAE04EC0-301F-11D3-BF4B-00C04F79EFBC}") = "Application", "Application\Application.csproj", "{4D4297D5-E654-42D9-85D2-965A0D74C08C}"
EndProject
Project("{FAE04EC0-301F-11D3-BF4B-00C04F79EFBC}") = "API", "API\API.csproj", "{362B3404-3B44-4199-B800-196D799D4F13}"
EndProject
Global
	GlobalSection(SolutionConfigurationPlatforms) = preSolution
		Debug|Any CPU = Debug|Any CPU
		Debug|x64 = Debug|x64
		Debug|x86 = Debug|x86
		Release|Any CPU = Release|Any CPU
		Release|x64 = Release|x64
		Release|x86 = Release|x86
	EndGlobalSection
	GlobalSection(SolutionProperties) = preSolution
		HideSolutionNode = FALSE
	EndGlobalSection
	GlobalSection(ProjectConfigurationPlatforms) = postSolution
		{FB392119-F325-4283-ADE6-D34307B93354}.Debug|Any CPU.ActiveCfg = Debug|Any CPU
		{FB392119-F325-4283-ADE6-D34307B93354}.Debug|Any CPU.Build.0 = Debug|Any CPU
		{FB392119-F325-4283-ADE6-D34307B93354}.Debug|x64.ActiveCfg = Debug|Any CPU
		{FB392119-F325-4283-ADE6-D34307B93354}.Debug|x64.Build.0 = Debug|Any CPU
		{FB392119-F325-4283-ADE6-D34307B93354}.Debug|x86.ActiveCfg = Debug|Any CPU
		{FB392119-F325-4283-ADE6-D34307B93354}.Debug|x86.Build.0 = Debug|Any CPU
		{FB392119-F325-4283-ADE6-D34307B93354}.Release|Any CPU.ActiveCfg = Release|Any CPU
		{FB392119-F325-4283-ADE6-D34307B93354}.Release|Any CPU.Build.0 = Release|Any CPU
		{FB392119-F325-4283-ADE6-D34307B93354}.Release|x64.ActiveCfg = Release|Any CPU
		{FB392119-F325-4283-ADE6-D34307B93354}.Release|x64.Build.0 = Release|Any CPU
		{FB392119-F325-4283-ADE6-D34307B93354}.Release|x86.ActiveCfg = Release|Any CPU
		{FB392119-F325-4283-ADE6-D34307B93354}.Release|x86.Build.0 = Release|Any CPU
		{2BF1EF2B-6FA1-47FC-9BA8-340EDDAB9A0A}.Debug|Any CPU.ActiveCfg = Debug|Any CPU
		{2BF1EF2B-6FA1-47FC-9BA8-340EDDAB9A0A}.Debug|Any CPU.Build.0 = Debug|Any CPU
		{2BF1EF2B-6FA1-47FC-9BA8-340EDDAB9A0A}.Debug|x64.ActiveCfg = Debug|Any CPU
		{2BF1EF2B-6FA1-47FC-9BA8-340EDDAB9A0A}.Debug|x64.Build.0 = Debug|Any CPU
		{2BF1EF2B-6FA1-47FC-9BA8-340EDDAB9A0A}.Debug|x86.ActiveCfg = Debug|Any CPU
		{2BF1EF2B-6FA1-47FC-9BA8-340EDDAB9A0A}.Debug|x86.Build.0 = Debug|Any CPU
		{2BF1EF2B-6FA1-47FC-9BA8-340EDDAB9A0A}.Release|Any CPU.ActiveCfg = Release|Any CPU
		{2BF1EF2B-6FA1-47FC-9BA8-340EDDAB9A0A}.Release|Any CPU.Build.0 = Release|Any CPU
		{2BF1EF2B-6FA1-47FC-9BA8-340EDDAB9A0A}.Release|x64.ActiveCfg = Release|Any CPU
		{2BF1EF2B-6FA1-47FC-9BA8-340EDDAB9A0A}.Release|x64.Build.0 = Release|Any CPU
		{2BF1EF2B-6FA1-47FC-9BA8-340EDDAB9A0A}.Release|x86.ActiveCfg = Release|Any CPU
		{2BF1EF2B-6FA1-47FC-9BA8-340EDDAB9A0A}.Release|x86.Build.0 = Release|Any CPU
		{4D4297D5-E654-42D9-85D2-965A0D74C08C}.Debug|Any CPU.ActiveCfg = Debug|Any CPU
		{4D4297D5-E654-42D9-85D2-965A0D74C08C}.Debug|Any CPU.Build.0 = Debug|Any CPU
		{4D4297D5-E654-42D9-85D2-965A0D74C08C}.Debug|x64.ActiveCfg = Debug|Any CPU
		{4D4297D5-E654-42D9-85D2-965A0D74C08C}.Debug|x64.Build.0 = Debug|Any CPU
		{4D4297D5-E654-42D9-85D2-965A0D74C08C}.Debug|x86.ActiveCfg = Debug|Any CPU
		{4D4297D5-E654-42D9-85D2-965A0D74C08C}.Debug|x86.Build.0 = Debug|Any CPU
		{4D4297D5-E654-42D9-85D2-965A0D74C08C}.Release|Any CPU.ActiveCfg = Release|Any CPU
		{4D4297D5-E654-42D9-85D2-965A0D74C08C}.Release|Any CPU.Build.0 = Release|Any CPU
		{4D4297D5-E654-42D9-85D2-965A0D74C08C}.Release|x64.ActiveCfg = Release|Any CPU
		{4D4297D5-E654-42D9-85D2-965A0D74C08C}.Release|x64.Build.0 = Release|Any CPU
		{4D4297D5-E654-42D9-85D2-965A0D74C08C}.Release|x86.ActiveCfg = Release|Any CPU
		{4D4297D5-E654-42D9-85D2-965A0D74C08C}.Release|x86.Build.0 = Release|Any CPU
		{362B3404-3B44-4199-B800-196D799D4F13}.Debug|Any CPU.ActiveCfg = Debug|Any CPU
		{362B3404-3B44-4199-B800-196D799D4F13}.Debug|Any CPU.Build.0 = Debug|Any CPU
		{362B3404-3B44-4199-B800-196D799D4F13}.Debug|x64.ActiveCfg = Debug|Any CPU
		{362B3404-3B44-4199-B800-196D799D4F13}.Debug|x64.Build.0 = Debug|Any CPU
		{362B3404-3B44-4199-B800-196D799D4F13}.Debug|x86.ActiveCfg = Debug|Any CPU
		{362B3404-3B44-4199-B800-196D799D4F13}.Debug|x86.Build.0 = Debug|Any CPU
		{362B3404-3B44-4199-B800-196D799D4F13}.Release|Any CPU.ActiveCfg = Release|Any CPU
		{362B3404-3B44-4199-B800-196D799D4F13}.Release|Any CPU.Build.0 = Release|Any CPU
		{362B3404-3B44-4199-B800-196D799D4F13}.Release|x64.ActiveCfg = Release|Any CPU
		{362B3404-3B44-4199-B800-196D799D4F13}.Release|x64.Build.0 = Release|Any CPU
		{362B3404-3B44-4199-B800-196D799D4F13}.Release|x86.ActiveCfg = Release|Any CPU
		{362B3404-3B44-4199-B800-196D799D4F13}.Release|x86.Build.0 = Release|Any CPU
	EndGlobalSection
EndGlobal
